
Microsoft Visual Studio Solution File, Format Version 12.00
# Visual Studio Version 17
VisualStudioVersion = 17.0.32014.148
MinimumVisualStudioVersion = 10.0.40219.1
Project("{FAE04EC0-301F-11D3-BF4B-00C04F79EFBC}") = "StressDetection", "StressDetection\StressDetection.csproj", "{4477E09C-45B9-4EED-ADB7-4E1D82BBA987}"
EndProject
Global
	GlobalSection(SolutionConfigurationPlatforms) = preSolution
		Debug|Any CPU = Debug|Any CPU
		Release|Any CPU = Release|Any CPU
	EndGlobalSection
	GlobalSection(ProjectConfigurationPlatforms) = postSolution
		{4477E09C-45B9-4EED-ADB7-4E1D82BBA987}.Debug|Any CPU.ActiveCfg = Debug|Any CPU
		{4477E09C-45B9-4EED-ADB7-4E1D82BBA987}.Debug|Any CPU.Build.0 = Debug|Any CPU
		{4477E09C-45B9-4EED-ADB7-4E1D82BBA987}.Release|Any CPU.ActiveCfg = Release|Any CPU
		{4477E09C-45B9-4EED-ADB7-4E1D82BBA987}.Release|Any CPU.Build.0 = Release|Any CPU
	EndGlobalSection
	GlobalSection(SolutionProperties) = preSolution
		HideSolutionNode = FALSE
	EndGlobalSection
	GlobalSection(ExtensibilityGlobals) = postSolution
		SolutionGuid = {09973611-1CB6-4B56-A0BA-1CF37B92D6C7}
	EndGlobalSection
EndGlobal
